
Microsoft Visual Studio Solution File, Format Version 12.00
# Visual Studio Version 17
VisualStudioVersion = 17.5.002.0
MinimumVisualStudioVersion = 10.0.40219.1
Project("{9A19103F-16F7-4668-BE54-9A1E7A4F7556}") = "result", "result.csproj", "{723B02BE-BA88-47DC-B30D-B8FC02EF0E8A}"
EndProject
Global
	GlobalSection(SolutionConfigurationPlatforms) = preSolution
		Debug|Any CPU = Debug|Any CPU
		Release|Any CPU = Release|Any CPU
	EndGlobalSection
	GlobalSection(ProjectConfigurationPlatforms) = postSolution
		{723B02BE-BA88-47DC-B30D-B8FC02EF0E8A}.Debug|Any CPU.ActiveCfg = Debug|Any CPU
		{723B02BE-BA88-47DC-B30D-B8FC02EF0E8A}.Debug|Any CPU.Build.0 = Debug|Any CPU
		{723B02BE-BA88-47DC-B30D-B8FC02EF0E8A}.Release|Any CPU.ActiveCfg = Release|Any CPU
		{723B02BE-BA88-47DC-B30D-B8FC02EF0E8A}.Release|Any CPU.Build.0 = Release|Any CPU
	EndGlobalSection
	GlobalSection(SolutionProperties) = preSolution
		HideSolutionNode = FALSE
	EndGlobalSection
	GlobalSection(ExtensibilityGlobals) = postSolution
		SolutionGuid = {7AF2D0A2-A1DE-4EB5-9D29-72BD01CD6F06}
	EndGlobalSection
EndGlobal
